
Microsoft Visual Studio Solution File, Format Version 10.00
# Visual Studio 2008
Project("{8BC9CEB8-8B4A-11D0-8D11-00A0C91BC942}") = "qgen", "win32_qgen.vcproj", "{B6AE73D2-4687-4922-AA58-B9AA22FFB472}"
EndProject
Global
	GlobalSection(SolutionConfigurationPlatforms) = preSolution
		Unicode Debug|Win32 = Unicode Debug|Win32
		Unicode Release|Win32 = Unicode Release|Win32
	EndGlobalSection
	GlobalSection(ProjectConfigurationPlatforms) = postSolution
		{B6AE73D2-4687-4922-AA58-B9AA22FFB472}.Unicode Debug|Win32.ActiveCfg = Unicode Debug|Win32
		{B6AE73D2-4687-4922-AA58-B9AA22FFB472}.Unicode Debug|Win32.Build.0 = Unicode Debug|Win32
		{B6AE73D2-4687-4922-AA58-B9AA22FFB472}.Unicode Release|Win32.ActiveCfg = Unicode Release|Win32
		{B6AE73D2-4687-4922-AA58-B9AA22FFB472}.Unicode Release|Win32.Build.0 = Unicode Release|Win32
	EndGlobalSection
	GlobalSection(SolutionProperties) = preSolution
		HideSolutionNode = FALSE
	EndGlobalSection
EndGlobal
